
Microsoft Visual Studio Solution File, Format Version 12.00
# Visual Studio Version 17
VisualStudioVersion = 17.7.34018.315
MinimumVisualStudioVersion = 10.0.40219.1
Project("{F2A71F9B-5D33-465A-A702-920D77279786}") = "hw3.3", "hw3.3\hw3.3.fsproj", "{EBE8EF54-76AB-4806-887A-28F6BFC800BF}"
EndProject
Global
	GlobalSection(SolutionConfigurationPlatforms) = preSolution
		Debug|Any CPU = Debug|Any CPU
		Release|Any CPU = Release|Any CPU
	EndGlobalSection
	GlobalSection(ProjectConfigurationPlatforms) = postSolution
		{EBE8EF54-76AB-4806-887A-28F6BFC800BF}.Debug|Any CPU.ActiveCfg = Debug|Any CPU
		{EBE8EF54-76AB-4806-887A-28F6BFC800BF}.Debug|Any CPU.Build.0 = Debug|Any CPU
		{EBE8EF54-76AB-4806-887A-28F6BFC800BF}.Release|Any CPU.ActiveCfg = Release|Any CPU
		{EBE8EF54-76AB-4806-887A-28F6BFC800BF}.Release|Any CPU.Build.0 = Release|Any CPU
	EndGlobalSection
	GlobalSection(SolutionProperties) = preSolution
		HideSolutionNode = FALSE
	EndGlobalSection
	GlobalSection(ExtensibilityGlobals) = postSolution
		SolutionGuid = {7E59C569-954F-4573-98B4-CD2AFD83DE60}
	EndGlobalSection
EndGlobal
